
Microsoft Visual Studio Solution File, Format Version 12.00
# Visual Studio Version 16
VisualStudioVersion = 16.0.29318.209
MinimumVisualStudioVersion = 10.0.40219.1
Project("{9A19103F-16F7-4668-BE54-9A1E7A4F7556}") = "ASPdotNETCoreWithAngular", "ASPdotNETCoreWithAngular\ASPdotNETCoreWithAngular.csproj", "{53A17103-EE2A-486E-A0A1-E27D454B8A8B}"
EndProject
Global
	GlobalSection(SolutionConfigurationPlatforms) = preSolution
		Debug|Any CPU = Debug|Any CPU
		Release|Any CPU = Release|Any CPU
	EndGlobalSection
	GlobalSection(ProjectConfigurationPlatforms) = postSolution
		{53A17103-EE2A-486E-A0A1-E27D454B8A8B}.Debug|Any CPU.ActiveCfg = Debug|Any CPU
		{53A17103-EE2A-486E-A0A1-E27D454B8A8B}.Debug|Any CPU.Build.0 = Debug|Any CPU
		{53A17103-EE2A-486E-A0A1-E27D454B8A8B}.Release|Any CPU.ActiveCfg = Release|Any CPU
		{53A17103-EE2A-486E-A0A1-E27D454B8A8B}.Release|Any CPU.Build.0 = Release|Any CPU
	EndGlobalSection
	GlobalSection(SolutionProperties) = preSolution
		HideSolutionNode = FALSE
	EndGlobalSection
	GlobalSection(ExtensibilityGlobals) = postSolution
		SolutionGuid = {3D377440-7E67-4367-802B-2594B4492A03}
	EndGlobalSection
EndGlobal
